
Microsoft Visual Studio Solution File, Format Version 12.00
# Visual Studio Version 17
VisualStudioVersion = 17.11.35222.181
MinimumVisualStudioVersion = 10.0.40219.1
Project("{FAE04EC0-301F-11D3-BF4B-00C04F79EFBC}") = "LanchesImpacta", "LanchesImpacta\LanchesImpacta.csproj", "{BE224C4E-949C-4FCA-AB97-7E3F40E55F29}"
EndProject
Global
	GlobalSection(SolutionConfigurationPlatforms) = preSolution
		Debug|Any CPU = Debug|Any CPU
		Release|Any CPU = Release|Any CPU
	EndGlobalSection
	GlobalSection(ProjectConfigurationPlatforms) = postSolution
		{BE224C4E-949C-4FCA-AB97-7E3F40E55F29}.Debug|Any CPU.ActiveCfg = Debug|Any CPU
		{BE224C4E-949C-4FCA-AB97-7E3F40E55F29}.Debug|Any CPU.Build.0 = Debug|Any CPU
		{BE224C4E-949C-4FCA-AB97-7E3F40E55F29}.Release|Any CPU.ActiveCfg = Release|Any CPU
		{BE224C4E-949C-4FCA-AB97-7E3F40E55F29}.Release|Any CPU.Build.0 = Release|Any CPU
	EndGlobalSection
	GlobalSection(SolutionProperties) = preSolution
		HideSolutionNode = FALSE
	EndGlobalSection
	GlobalSection(ExtensibilityGlobals) = postSolution
		SolutionGuid = {9BE730A5-51F9-4442-B65A-C35484CE1257}
	EndGlobalSection
EndGlobal
